
Microsoft Visual Studio Solution File, Format Version 12.00
# Visual Studio Version 16
VisualStudioVersion = 16.0.30503.244
MinimumVisualStudioVersion = 10.0.40219.1
Project("{FAE04EC0-301F-11D3-BF4B-00C04F79EFBC}") = "IdRecognizer", "IdRecognizer\IdRecognizer.csproj", "{3BA23014-AB29-4D75-958D-821F4483A7E5}"
EndProject
Project("{FAE04EC0-301F-11D3-BF4B-00C04F79EFBC}") = "Recognizer", "Recognizer\Recognizer.csproj", "{75A26573-96C6-48AE-904C-B69B588AC266}"
EndProject
Global
	GlobalSection(SolutionConfigurationPlatforms) = preSolution
		Debug|Any CPU = Debug|Any CPU
		Release|Any CPU = Release|Any CPU
	EndGlobalSection
	GlobalSection(ProjectConfigurationPlatforms) = postSolution
		{3BA23014-AB29-4D75-958D-821F4483A7E5}.Debug|Any CPU.ActiveCfg = Debug|Any CPU
		{3BA23014-AB29-4D75-958D-821F4483A7E5}.Debug|Any CPU.Build.0 = Debug|Any CPU
		{3BA23014-AB29-4D75-958D-821F4483A7E5}.Release|Any CPU.ActiveCfg = Release|Any CPU
		{3BA23014-AB29-4D75-958D-821F4483A7E5}.Release|Any CPU.Build.0 = Release|Any CPU
		{75A26573-96C6-48AE-904C-B69B588AC266}.Debug|Any CPU.ActiveCfg = Debug|Any CPU
		{75A26573-96C6-48AE-904C-B69B588AC266}.Debug|Any CPU.Build.0 = Debug|Any CPU
		{75A26573-96C6-48AE-904C-B69B588AC266}.Release|Any CPU.ActiveCfg = Release|Any CPU
		{75A26573-96C6-48AE-904C-B69B588AC266}.Release|Any CPU.Build.0 = Release|Any CPU
	EndGlobalSection
	GlobalSection(SolutionProperties) = preSolution
		HideSolutionNode = FALSE
	EndGlobalSection
	GlobalSection(ExtensibilityGlobals) = postSolution
		SolutionGuid = {280986A7-5EA7-4431-B229-107E9EBA6A66}
	EndGlobalSection
EndGlobal
